
Microsoft Visual Studio Solution File, Format Version 12.00
# Visual Studio Version 17
VisualStudioVersion = 17.8.34601.278
MinimumVisualStudioVersion = 10.0.40219.1
Project("{FAE04EC0-301F-11D3-BF4B-00C04F79EFBC}") = "CRUDLinQ", "CRUDLinQ\CRUDLinQ.csproj", "{1169ADE9-317F-4721-A047-4C2255BCE6DE}"
EndProject
Global
	GlobalSection(SolutionConfigurationPlatforms) = preSolution
		Debug|Any CPU = Debug|Any CPU
		Release|Any CPU = Release|Any CPU
	EndGlobalSection
	GlobalSection(ProjectConfigurationPlatforms) = postSolution
		{1169ADE9-317F-4721-A047-4C2255BCE6DE}.Debug|Any CPU.ActiveCfg = Debug|Any CPU
		{1169ADE9-317F-4721-A047-4C2255BCE6DE}.Debug|Any CPU.Build.0 = Debug|Any CPU
		{1169ADE9-317F-4721-A047-4C2255BCE6DE}.Release|Any CPU.ActiveCfg = Release|Any CPU
		{1169ADE9-317F-4721-A047-4C2255BCE6DE}.Release|Any CPU.Build.0 = Release|Any CPU
	EndGlobalSection
	GlobalSection(SolutionProperties) = preSolution
		HideSolutionNode = FALSE
	EndGlobalSection
	GlobalSection(ExtensibilityGlobals) = postSolution
		SolutionGuid = {CC2B10B5-B793-4AEC-9461-4DBECDE2002D}
	EndGlobalSection
EndGlobal
